
Microsoft Visual Studio Solution File, Format Version 12.00
# Visual Studio Version 17
VisualStudioVersion = 17.10.34928.147
MinimumVisualStudioVersion = 10.0.40219.1
Project("{FAE04EC0-301F-11D3-BF4B-00C04F79EFBC}") = "MadinaEnterprises", "MadinaEnterprises.csproj", "{400BD47A-3EEB-4188-81F3-A6E6AB65B24B}"
EndProject
Global
	GlobalSection(SolutionConfigurationPlatforms) = preSolution
		Debug|Any CPU = Debug|Any CPU
		Release|Any CPU = Release|Any CPU
	EndGlobalSection
	GlobalSection(ProjectConfigurationPlatforms) = postSolution
		{400BD47A-3EEB-4188-81F3-A6E6AB65B24B}.Debug|Any CPU.ActiveCfg = Debug|Any CPU
		{400BD47A-3EEB-4188-81F3-A6E6AB65B24B}.Debug|Any CPU.Build.0 = Debug|Any CPU
		{400BD47A-3EEB-4188-81F3-A6E6AB65B24B}.Debug|Any CPU.Deploy.0 = Debug|Any CPU
		{400BD47A-3EEB-4188-81F3-A6E6AB65B24B}.Release|Any CPU.ActiveCfg = Release|Any CPU
		{400BD47A-3EEB-4188-81F3-A6E6AB65B24B}.Release|Any CPU.Build.0 = Release|Any CPU
		{400BD47A-3EEB-4188-81F3-A6E6AB65B24B}.Release|Any CPU.Deploy.0 = Release|Any CPU
	EndGlobalSection
	GlobalSection(SolutionProperties) = preSolution
		HideSolutionNode = FALSE
	EndGlobalSection
	GlobalSection(ExtensibilityGlobals) = postSolution
		SolutionGuid = {12144598-F1AC-4172-A548-8ABA6EE817AB}
	EndGlobalSection
EndGlobal
